
Microsoft Visual Studio Solution File, Format Version 12.00
# Visual Studio Version 17
VisualStudioVersion = 17.2.32616.157
MinimumVisualStudioVersion = 10.0.40219.1
Project("{FAE04EC0-301F-11D3-BF4B-00C04F79EFBC}") = "ChatApp", "ChatApp\ChatApp.csproj", "{DF47BB65-4C28-4CD6-9D58-AB17165DC96C}"
EndProject
Global
	GlobalSection(SolutionConfigurationPlatforms) = preSolution
		Debug|Any CPU = Debug|Any CPU
		Release|Any CPU = Release|Any CPU
	EndGlobalSection
	GlobalSection(ProjectConfigurationPlatforms) = postSolution
		{DF47BB65-4C28-4CD6-9D58-AB17165DC96C}.Debug|Any CPU.ActiveCfg = Debug|Any CPU
		{DF47BB65-4C28-4CD6-9D58-AB17165DC96C}.Debug|Any CPU.Build.0 = Debug|Any CPU
		{DF47BB65-4C28-4CD6-9D58-AB17165DC96C}.Release|Any CPU.ActiveCfg = Release|Any CPU
		{DF47BB65-4C28-4CD6-9D58-AB17165DC96C}.Release|Any CPU.Build.0 = Release|Any CPU
	EndGlobalSection
	GlobalSection(SolutionProperties) = preSolution
		HideSolutionNode = FALSE
	EndGlobalSection
	GlobalSection(ExtensibilityGlobals) = postSolution
		SolutionGuid = {3968FF42-1E31-4B04-86EC-267BD8D464F0}
	EndGlobalSection
EndGlobal
